// !$*UTF8*$!
{
	archiveVersion = 1;
	classes = {
	};
	objectVersion = 48;
	objects = {

/* Begin PBXBuildFile section */
		4330FD3F201BEB2A001FE461 /* AppDelegate.swift in Sources */ = {isa = PBXBuildFile; fileRef = 4330FD3E201BEB2A001FE461 /* AppDelegate.swift */; };
		4330FD41201BEB2A001FE461 /* ViewController.swift in Sources */ = {isa = PBXBuildFile; fileRef = 4330FD40201BEB2A001FE461 /* ViewController.swift */; };
		4330FD44201BEB2A001FE461 /* Main.storyboard in Resources */ = {isa = PBXBuildFile; fileRef = 4330FD42201BEB2A001FE461 /* Main.storyboard */; };
		4330FD46201BEB2A001FE461 /* Assets.xcassets in Resources */ = {isa = PBXBuildFile; fileRef = 4330FD45201BEB2A001FE461 /* Assets.xcassets */; };
		4330FD49201BEB2A001FE461 /* LaunchScreen.storyboard in Resources */ = {isa = PBXBuildFile; fileRef = 4330FD47201BEB2A001FE461 /* LaunchScreen.storyboard */; };
/* End PBXBuildFile section */

/* Begin PBXFileReference section */
		4330FD3B201BEB2A001FE461 /* Comanda.app */ = {isa = PBXFileReference; explicitFileType = wrapper.application; includeInIndex = 0; path = Comanda.app; sourceTree = BUILT_PRODUCTS_DIR; };
		4330FD3E201BEB2A001FE461 /* AppDelegate.swift */ = {isa = PBXFileReference; lastKnownFileType = sourcecode.swift; path = AppDelegate.swift; sourceTree = "<group>"; };
		4330FD40201BEB2A001FE461 /* ViewController.swift */ = {isa = PBXFileReference; lastKnownFileType = sourcecode.swift; path = ViewController.swift; sourceTree = "<group>"; };
		4330FD43201BEB2A001FE461 /* Base */ = {isa = PBXFileReference; lastKnownFileType = file.storyboard; name = Base; path = Base.lproj/Main.storyboard; sourceTree = "<group>"; };
		4330FD45201BEB2A001FE461 /* Assets.xcassets */ = {isa = PBXFileReference; lastKnownFileType = folder.assetcatalog; path = Assets.xcassets; sourceTree = "<group>"; };
		4330FD48201BEB2A001FE461 /* Base */ = {isa = PBXFileReference; lastKnownFileType = file.storyboard; name = Base; path = Base.lproj/LaunchScreen.storyboard; sourceTree = "<group>"; };
		4330FD4A201BEB2A001FE461 /* Info.plist */ = {isa = PBXFileReference; lastKnownFileType = text.plist.xml; path = Info.plist; sourceTree = "<group>"; };
/* End PBXFileReference section */

/* Begin PBXFrameworksBuildPhase section */
		4330FD38201BEB2A001FE461 /* Frameworks */ = {
			isa = PBXFrameworksBuildPhase;
			buildActionMask = 2147483647;
			files = (
			);
			runOnlyForDeploymentPostprocessing = 0;
		};
/* End PBXFrameworksBuildPhase section */

/* Begin PBXGroup section */
		4330FD32201BEB2A001FE461 = {
			isa = PBXGroup;
			children = (
				4330FD3D201BEB2A001FE461 /* Comanda */,
				4330FD3C201BEB2A001FE461 /* Products */,
			);
			sourceTree = "<group>";
		};
		4330FD3C201BEB2A001FE461 /* Products */ = {
			isa = PBXGroup;
			children = (
				4330FD3B201BEB2A001FE461 /* Comanda.app */,
			);
			name = Products;
			sourceTree = "<group>";
		};
		4330FD3D201BEB2A001FE461 /* Comanda */ = {
			isa = PBXGroup;
			children = (
				4330FD3E201BEB2A001FE461 /* AppDelegate.swift */,
				4330FD40201BEB2A001FE461 /* ViewController.swift */,
				4330FD42201BEB2A001FE461 /* Main.storyboard */,
				4330FD45201BEB2A001FE461 /* Assets.xcassets */,
				4330FD47201BEB2A001FE461 /* LaunchScreen.storyboard */,
				4330FD4A201BEB2A001FE461 /* Info.plist */,
			);
			path = Comanda;
			sourceTree = "<group>";
		};
/* End PBXGroup section */

/* Begin PBXNativeTarget section */
		4330FD3A201BEB2A001FE461 /* Comanda */ = {
			isa = PBXNativeTarget;
			buildConfigurationList = 4330FD4D201BEB2A001FE461 /* Build configuration list for PBXNativeTarget "Comanda" */;
			buildPhases = (
				4330FD37201BEB2A001FE461 /* Sources */,
				4330FD38201BEB2A001FE461 /* Frameworks */,
				4330FD39201BEB2A001FE461 /* Resources */,
			);
			buildRules = (
			);
			dependencies = (
			);
			name = Comanda;
			productName = Comanda;
			productReference = 4330FD3B201BEB2A001FE461 /* Comanda.app */;
			productType = "com.apple.product-type.application";
		};
/* End PBXNativeTarget section */

/* Begin PBXProject section */
		4330FD33201BEB2A001FE461 /* Project object */ = {
			isa = PBXProject;
			attributes = {
				LastSwiftUpdateCheck = 0920;
				LastUpgradeCheck = 0920;
				ORGANIZATIONNAME = Quaddro;
				TargetAttributes = {
					4330FD3A201BEB2A001FE461 = {
						CreatedOnToolsVersion = 9.2;
						ProvisioningStyle = Automatic;
					};
				};
			};
			buildConfigurationList = 4330FD36201BEB2A001FE461 /* Build configuration list for PBXProject "Comanda" */;
			compatibilityVersion = "Xcode 8.0";
			developmentRegion = en;
			hasScannedForEncodings = 0;
			knownRegions = (
				en,
				Base,
			);
			mainGroup = 4330FD32201BEB2A001FE461;
			productRefGroup = 4330FD3C201BEB2A001FE461 /* Products */;
			projectDirPath = "";
			projectRoot = "";
			targets = (
				4330FD3A201BEB2A001FE461 /* Comanda */,
			);
		};
/* End PBXProject section */

/* Begin PBXResourcesBuildPhase section */
		4330FD39201BEB2A001FE461 /* Resources */ = {
			isa = PBXResourcesBuildPhase;
			buildActionMask = 2147483647;
			files = (
				4330FD49201BEB2A001FE461 /* LaunchScreen.storyboard in Resources */,
				4330FD46201BEB2A001FE461 /* Assets.xcassets in Resources */,
				4330FD44201BEB2A001FE461 /* Main.storyboard in Resources */,
			);
			runOnlyForDeploymentPostprocessing = 0;
		};
/* End PBXResourcesBuildPhase section */

/* Begin PBXSourcesBuildPhase section */
		4330FD37201BEB2A001FE461 /* Sources */ = {
			isa = PBXSourcesBuildPhase;
			buildActionMask = 2147483647;
			files = (
				4330FD41201BEB2A001FE461 /* ViewController.swift in Sources */,
				4330FD3F201BEB2A001FE461 /* AppDelegate.swift in Sources */,
			);
			runOnlyForDeploymentPostprocessing = 0;
		};
/* End PBXSourcesBuildPhase section */

/* Begin PBXVariantGroup section */
		4330FD42201BEB2A001FE461 /* Main.storyboard */ = {
			isa = PBXVariantGroup;
			children = (
				4330FD43201BEB2A001FE461 /* Base */,
			);
			name = Main.storyboard;
			sourceTree = "<group>";
		};
		4330FD47201BEB2A001FE461 /* LaunchScreen.storyboard */ = {
			isa = PBXVariantGroup;
			children = (
				4330FD48201BEB2A001FE461 /* Base */,
			);
			name = LaunchScreen.storyboard;
			sourceTree = "<group>";
		};
/* End PBXVariantGroup section */

/* Begin XCBuildConfiguration section */
		4330FD4B201BEB2A001FE461 /* Debug */ = {
			isa = XCBuildConfiguration;
			buildSettings = {
				ALWAYS_SEARCH_USER_PATHS = NO;
				CLANG_ANALYZER_NONNULL = YES;
				CLANG_ANALYZER_NUMBER_OBJECT_CONVERSION = YES_AGGRESSIVE;
				CLANG_CXX_LANGUAGE_STANDARD = "gnu++14";
				CLANG_CXX_LIBRARY = "libc++";
				CLANG_ENABLE_MODULES = YES;
				CLANG_ENABLE_OBJC_ARC = YES;
				CLANG_WARN_BLOCK_CAPTURE_AUTORELEASING = YES;
				CLANG_WARN_BOOL_CONVERSION = YES;
				CLANG_WARN_COMMA = YES;
				CLANG_WARN_CONSTANT_CONVERSION = YES;
				CLANG_WARN_DIRECT_OBJC_ISA_USAGE = YES_ERROR;
				CLANG_WARN_DOCUMENTATION_COMMENTS = YES;
				CLANG_WARN_EMPTY_BODY = YES;
				CLANG_WARN_ENUM_CONVERSION = YES;
				CLANG_WARN_INFINITE_RECURSION = YES;
				CLANG_WARN_INT_CONVERSION = YES;
				CLANG_WARN_NON_LITERAL_NULL_CONVERSION = YES;
				CLANG_WARN_OBJC_LITERAL_CONVERSION = YES;
				CLANG_WARN_OBJC_ROOT_CLASS = YES_ERROR;
				CLANG_WARN_RANGE_LOOP_ANALYSIS = YES;
				CLANG_WARN_STRICT_PROTOTYPES = YES;
				CLANG_WARN_SUSPICIOUS_MOVE = YES;
				CLANG_WARN_UNGUARDED_AVAILABILITY = YES_AGGRESSIVE;
				CLANG_WARN_UNREACHABLE_CODE = YES;
				CLANG_WARN__DUPLICATE_METHOD_MATCH = YES;
				CODE_SIGN_IDENTITY = "iPhone Developer";
				COPY_PHASE_STRIP = NO;
				DEBUG_INFORMATION_FORMAT = dwarf;
				ENABLE_STRICT_OBJC_MSGSEND = YES;
				ENABLE_TESTABILITY = YES;
				GCC_C_LANGUAGE_STANDARD = gnu11;
				GCC_DYNAMIC_NO_PIC = NO;
				GCC_NO_COMMON_BLOCKS = YES;
				GCC_OPTIMIZATION_LEVEL = 0;
				GCC_PREPROCESSOR_DEFINITIONS = (
					"DEBUG=1",
					"$(inherited)",
				);
				GCC_WARN_64_TO_32_BIT_CONVERSION = YES;
				GCC_WARN_ABOUT_RETURN_TYPE = YES_ERROR;
				GCC_WARN_UNDECLARED_SELECTOR = YES;
				GCC_WARN_UNINITIALIZED_AUTOS = YES_AGGRESSIVE;
				GCC_WARN_UNUSED_FUNCTION = YES;
				GCC_WARN_UNUSED_VARIABLE = YES;
				IPHONEOS_DEPLOYMENT_TARGET = 11.2;
				MTL_ENABLE_DEBUG_INFO = YES;
				ONLY_ACTIVE_ARCH = YES;
				SDKROOT = iphoneos;
				SWIFT_ACTIVE_COMPILATION_CONDITIONS = DEBUG;
				SWIFT_OPTIMIZATION_LEVEL = "-Onone";
			};
			name = Debug;
		};
		4330FD4C201BEB2A001FE461 /* Release */ = {
			isa = XCBuildConfiguration;
			buildSettings = {
				ALWAYS_SEARCH_USER_PATHS = NO;
				CLANG_ANALYZER_NONNULL = YES;
				CLANG_ANALYZER_NUMBER_OBJECT_CONVERSION = YES_AGGRESSIVE;
				CLANG_CXX_LANGUAGE_STANDARD = "gnu++14";
				CLANG_CXX_LIBRARY = "libc++";
				CLANG_ENABLE_MODULES = YES;
				CLANG_ENABLE_OBJC_ARC = YES;
				CLANG_WARN_BLOCK_CAPTURE_AUTORELEASING = YES;
				CLANG_WARN_BOOL_CONVERSION = YES;
				CLANG_WARN_COMMA = YES;
				CLANG_WARN_CONSTANT_CONVERSION = YES;
				CLANG_WARN_DIRECT_OBJC_ISA_USAGE = YES_ERROR;
				CLANG_WARN_DOCUMENTATION_COMMENTS = YES;
				CLANG_WARN_EMPTY_BODY = YES;
				CLANG_WARN_ENUM_CONVERSION = YES;
				CLANG_WARN_INFINITE_RECURSION = YES;
				CLANG_WARN_INT_CONVERSION = YES;
				CLANG_WARN_NON_LITERAL_NULL_CONVERSION = YES;
				CLANG_WARN_OBJC_LITERAL_CONVERSION = YES;
				CLANG_WARN_OBJC_ROOT_CLASS = YES_ERROR;
				CLANG_WARN_RANGE_LOOP_ANALYSIS = YES;
				CLANG_WARN_STRICT_PROTOTYPES = YES;
				CLANG_WARN_SUSPICIOUS_MOVE = YES;
				CLANG_WARN_UNGUARDED_AVAILABILITY = YES_AGGRESSIVE;
				CLANG_WARN_UNREACHABLE_CODE = YES;
				CLANG_WARN__DUPLICATE_METHOD_MATCH = YES;
				CODE_SIGN_IDENTITY = "iPhone Developer";
				COPY_PHASE_STRIP = NO;
				DEBUG_INFORMATION_FORMAT = "dwarf-with-dsym";
				ENABLE_NS_ASSERTIONS = NO;
				ENABLE_STRICT_OBJC_MSGSEND = YES;
				GCC_C_LANGUAGE_STANDARD = gnu11;
				GCC_NO_COMMON_BLOCKS = YES;
				GCC_WARN_64_TO_32_BIT_CONVERSION = YES;
				GCC_WARN_ABOUT_RETURN_TYPE = YES_ERROR;
				GCC_WARN_UNDECLARED_SELECTOR = YES;
				GCC_WARN_UNINITIALIZED_AUTOS = YES_AGGRESSIVE;
				GCC_WARN_UNUSED_FUNCTION = YES;
				GCC_WARN_UNUSED_VARIABLE = YES;
				IPHONEOS_DEPLOYMENT_TARGET = 11.2;
				MTL_ENABLE_DEBUG_INFO = NO;
				SDKROOT = iphoneos;
				SWIFT_OPTIMIZATION_LEVEL = "-Owholemodule";
				VALIDATE_PRODUCT = YES;
			};
			name = Release;
		};
		4330FD4E201BEB2A001FE461 /* Debug */ = {
			isa = XCBuildConfiguration;
			buildSettings = {
				ASSETCATALOG_COMPILER_APPICON_NAME = AppIcon;
				CODE_SIGN_STYLE = Automatic;
				INFOPLIST_FILE = Comanda/Info.plist;
				LD_RUNPATH_SEARCH_PATHS = "$(inherited) @executable_path/Frameworks";
				PRODUCT_BUNDLE_IDENTIFIER = br.com.corporate.Comanda;
				PRODUCT_NAME = "$(TARGET_NAME)";
				SWIFT_VERSION = 4.0;
				TARGETED_DEVICE_FAMILY = "1,2";
			};
			name = Debug;
		};
		4330FD4F201BEB2A001FE461 /* Release */ = {
			isa = XCBuildConfiguration;
			buildSettings = {
				ASSETCATALOG_COMPILER_APPICON_NAME = AppIcon;
				CODE_SIGN_STYLE = Automatic;
				INFOPLIST_FILE = Comanda/Info.plist;
				LD_RUNPATH_SEARCH_PATHS = "$(inherited) @executable_path/Frameworks";
				PRODUCT_BUNDLE_IDENTIFIER = br.com.corporate.Comanda;
				PRODUCT_NAME = "$(TARGET_NAME)";
				SWIFT_VERSION = 4.0;
				TARGETED_DEVICE_FAMILY = "1,2";
			};
			name = Release;
		};
/* End XCBuildConfiguration section */

/* Begin XCConfigurationList section */
		4330FD36201BEB2A001FE461 /* Build configuration list for PBXProject "Comanda" */ = {
			isa = XCConfigurationList;
			buildConfigurations = (
				4330FD4B201BEB2A001FE461 /* Debug */,
				4330FD4C201BEB2A001FE461 /* Release */,
			);
			defaultConfigurationIsVisible = 0;
			defaultConfigurationName = Release;
		};
		4330FD4D201BEB2A001FE461 /* Build configuration list for PBXNativeTarget "Comanda" */ = {
			isa = XCConfigurationList;
			buildConfigurations = (
				4330FD4E201BEB2A001FE461 /* Debug */,
				4330FD4F201BEB2A001FE461 /* Release */,
			);
			defaultConfigurationIsVisible = 0;
			defaultConfigurationName = Release;
		};
/* End XCConfigurationList section */
	};
	rootObject = 4330FD33201BEB2A001FE461 /* Project object */;
}
